
Microsoft Visual Studio Solution File, Format Version 12.00
# Visual Studio Version 16
VisualStudioVersion = 16.0.29806.167
MinimumVisualStudioVersion = 10.0.40219.1
Project("{FAE04EC0-301F-11D3-BF4B-00C04F79EFBC}") = "Curve Fitting", "Curve Fitting.csproj", "{61A76581-0E40-4FAF-98AD-089BA1A9A407}"
EndProject
Global
	GlobalSection(SolutionConfigurationPlatforms) = preSolution
		Debug|Any CPU = Debug|Any CPU
		Release|Any CPU = Release|Any CPU
	EndGlobalSection
	GlobalSection(ProjectConfigurationPlatforms) = postSolution
		{61A76581-0E40-4FAF-98AD-089BA1A9A407}.Debug|Any CPU.ActiveCfg = Debug|Any CPU
		{61A76581-0E40-4FAF-98AD-089BA1A9A407}.Debug|Any CPU.Build.0 = Debug|Any CPU
		{61A76581-0E40-4FAF-98AD-089BA1A9A407}.Release|Any CPU.ActiveCfg = Release|Any CPU
		{61A76581-0E40-4FAF-98AD-089BA1A9A407}.Release|Any CPU.Build.0 = Release|Any CPU
	EndGlobalSection
	GlobalSection(SolutionProperties) = preSolution
		HideSolutionNode = FALSE
	EndGlobalSection
	GlobalSection(ExtensibilityGlobals) = postSolution
		SolutionGuid = {075E2C5F-6619-4458-89C9-96A7B34C497F}
	EndGlobalSection
EndGlobal
