
Microsoft Visual Studio Solution File, Format Version 12.00
# Visual Studio 15
VisualStudioVersion = 15.0.28307.1082
MinimumVisualStudioVersion = 10.0.40219.1
Project("{FAE04EC0-301F-11D3-BF4B-00C04F79EFBC}") = "laplace_demo_int_array", "laplace_demo_int_array\laplace_demo_int_array.csproj", "{9BA1945A-8973-42E4-9815-4F47C6B99AC8}"
EndProject
Global
	GlobalSection(SolutionConfigurationPlatforms) = preSolution
		Debug|Any CPU = Debug|Any CPU
		Release|Any CPU = Release|Any CPU
	EndGlobalSection
	GlobalSection(ProjectConfigurationPlatforms) = postSolution
		{9BA1945A-8973-42E4-9815-4F47C6B99AC8}.Debug|Any CPU.ActiveCfg = Debug|Any CPU
		{9BA1945A-8973-42E4-9815-4F47C6B99AC8}.Debug|Any CPU.Build.0 = Debug|Any CPU
		{9BA1945A-8973-42E4-9815-4F47C6B99AC8}.Release|Any CPU.ActiveCfg = Release|Any CPU
		{9BA1945A-8973-42E4-9815-4F47C6B99AC8}.Release|Any CPU.Build.0 = Release|Any CPU
	EndGlobalSection
	GlobalSection(SolutionProperties) = preSolution
		HideSolutionNode = FALSE
	EndGlobalSection
	GlobalSection(ExtensibilityGlobals) = postSolution
		SolutionGuid = {4BA2375B-2C9C-4A64-A2A5-D331C52084AE}
	EndGlobalSection
EndGlobal
